
Microsoft Visual Studio Solution File, Format Version 12.00
# Visual Studio Version 17
VisualStudioVersion = 17.11.35312.102
MinimumVisualStudioVersion = 10.0.40219.1
Project("{FAE04EC0-301F-11D3-BF4B-00C04F79EFBC}") = "Empty", "Empty\Empty.csproj", "{3AB513CB-EF47-4FA0-86D4-B530D7099AC5}"
EndProject
Global
	GlobalSection(SolutionConfigurationPlatforms) = preSolution
		Debug|Any CPU = Debug|Any CPU
		Release|Any CPU = Release|Any CPU
	EndGlobalSection
	GlobalSection(ProjectConfigurationPlatforms) = postSolution
		{3AB513CB-EF47-4FA0-86D4-B530D7099AC5}.Debug|Any CPU.ActiveCfg = Debug|Any CPU
		{3AB513CB-EF47-4FA0-86D4-B530D7099AC5}.Debug|Any CPU.Build.0 = Debug|Any CPU
		{3AB513CB-EF47-4FA0-86D4-B530D7099AC5}.Release|Any CPU.ActiveCfg = Release|Any CPU
		{3AB513CB-EF47-4FA0-86D4-B530D7099AC5}.Release|Any CPU.Build.0 = Release|Any CPU
	EndGlobalSection
	GlobalSection(SolutionProperties) = preSolution
		HideSolutionNode = FALSE
	EndGlobalSection
	GlobalSection(ExtensibilityGlobals) = postSolution
		SolutionGuid = {829D1782-C329-489E-B62A-65212A2624FB}
	EndGlobalSection
EndGlobal
